{"is_source_file": false, "format": "", "description": "", "external_files": [], "external_methods": [], "published": [], "classes": [], "methods": [], "calls": [], "search-terms": [], "state": 2, "file_id": 2, "knowledge_revision": 24, "git_revision": "61513f4d07d64aa22ffe659a273817537308aca5", "hash": "9c4ed7ef73e22b872b8055bec08b8979", "format-version": 4, "code-base-name": "default", "filename": "assistify/post_process_status.lock", "revision_history": [{"24": "61513f4d07d64aa22ffe659a273817537308aca5"}]}